
Microsoft Visual Studio Solution File, Format Version 12.00
# Visual Studio Version 16
VisualStudioVersion = 16.0.29926.136
MinimumVisualStudioVersion = 10.0.40219.1
Project("{FAE04EC0-301F-11D3-BF4B-00C04F79EFBC}") = "Password Safe.Android", "Password Safe.Android\Password Safe.Android.csproj", "{13321565-5EC9-45FE-8AA9-DF13A1E60769}"
EndProject
Project("{FAE04EC0-301F-11D3-BF4B-00C04F79EFBC}") = "Password Safe.iOS", "Password Safe.iOS\Password Safe.iOS.csproj", "{0F796B42-4F35-44EA-B533-7395613D8BDA}"
EndProject
Project("{FAE04EC0-301F-11D3-BF4B-00C04F79EFBC}") = "Password Safe", "Password Safe\Password Safe.csproj", "{3E936841-EE3D-4268-A67F-D03E56D983D1}"
EndProject
Global
	GlobalSection(SolutionConfigurationPlatforms) = preSolution
		Debug|Any CPU = Debug|Any CPU
		Debug|iPhone = Debug|iPhone
		Debug|iPhoneSimulator = Debug|iPhoneSimulator
		Release|Any CPU = Release|Any CPU
		Release|iPhone = Release|iPhone
		Release|iPhoneSimulator = Release|iPhoneSimulator
	EndGlobalSection
	GlobalSection(ProjectConfigurationPlatforms) = postSolution
		{13321565-5EC9-45FE-8AA9-DF13A1E60769}.Debug|Any CPU.ActiveCfg = Debug|Any CPU
		{13321565-5EC9-45FE-8AA9-DF13A1E60769}.Debug|Any CPU.Build.0 = Debug|Any CPU
		{13321565-5EC9-45FE-8AA9-DF13A1E60769}.Debug|Any CPU.Deploy.0 = Debug|Any CPU
		{13321565-5EC9-45FE-8AA9-DF13A1E60769}.Debug|iPhone.ActiveCfg = Debug|Any CPU
		{13321565-5EC9-45FE-8AA9-DF13A1E60769}.Debug|iPhone.Build.0 = Debug|Any CPU
		{13321565-5EC9-45FE-8AA9-DF13A1E60769}.Debug|iPhone.Deploy.0 = Debug|Any CPU
		{13321565-5EC9-45FE-8AA9-DF13A1E60769}.Debug|iPhoneSimulator.ActiveCfg = Debug|Any CPU
		{13321565-5EC9-45FE-8AA9-DF13A1E60769}.Debug|iPhoneSimulator.Build.0 = Debug|Any CPU
		{13321565-5EC9-45FE-8AA9-DF13A1E60769}.Debug|iPhoneSimulator.Deploy.0 = Debug|Any CPU
		{13321565-5EC9-45FE-8AA9-DF13A1E60769}.Release|Any CPU.ActiveCfg = Release|Any CPU
		{13321565-5EC9-45FE-8AA9-DF13A1E60769}.Release|Any CPU.Build.0 = Release|Any CPU
		{13321565-5EC9-45FE-8AA9-DF13A1E60769}.Release|Any CPU.Deploy.0 = Release|Any CPU
		{13321565-5EC9-45FE-8AA9-DF13A1E60769}.Release|iPhone.ActiveCfg = Release|Any CPU
		{13321565-5EC9-45FE-8AA9-DF13A1E60769}.Release|iPhone.Build.0 = Release|Any CPU
		{13321565-5EC9-45FE-8AA9-DF13A1E60769}.Release|iPhone.Deploy.0 = Release|Any CPU
		{13321565-5EC9-45FE-8AA9-DF13A1E60769}.Release|iPhoneSimulator.ActiveCfg = Release|Any CPU
		{13321565-5EC9-45FE-8AA9-DF13A1E60769}.Release|iPhoneSimulator.Build.0 = Release|Any CPU
		{13321565-5EC9-45FE-8AA9-DF13A1E60769}.Release|iPhoneSimulator.Deploy.0 = Release|Any CPU
		{0F796B42-4F35-44EA-B533-7395613D8BDA}.Debug|Any CPU.ActiveCfg = Debug|iPhone
		{0F796B42-4F35-44EA-B533-7395613D8BDA}.Debug|Any CPU.Build.0 = Debug|iPhone
		{0F796B42-4F35-44EA-B533-7395613D8BDA}.Debug|Any CPU.Deploy.0 = Debug|iPhone
		{0F796B42-4F35-44EA-B533-7395613D8BDA}.Debug|iPhone.ActiveCfg = Debug|iPhone
		{0F796B42-4F35-44EA-B533-7395613D8BDA}.Debug|iPhone.Build.0 = Debug|iPhone
		{0F796B42-4F35-44EA-B533-7395613D8BDA}.Debug|iPhone.Deploy.0 = Debug|iPhone
		{0F796B42-4F35-44EA-B533-7395613D8BDA}.Debug|iPhoneSimulator.ActiveCfg = Debug|iPhoneSimulator
		{0F796B42-4F35-44EA-B533-7395613D8BDA}.Debug|iPhoneSimulator.Build.0 = Debug|iPhoneSimulator
		{0F796B42-4F35-44EA-B533-7395613D8BDA}.Debug|iPhoneSimulator.Deploy.0 = Debug|iPhoneSimulator
		{0F796B42-4F35-44EA-B533-7395613D8BDA}.Release|Any CPU.ActiveCfg = Release|iPhone
		{0F796B42-4F35-44EA-B533-7395613D8BDA}.Release|Any CPU.Build.0 = Release|iPhone
		{0F796B42-4F35-44EA-B533-7395613D8BDA}.Release|Any CPU.Deploy.0 = Release|iPhone
		{0F796B42-4F35-44EA-B533-7395613D8BDA}.Release|iPhone.ActiveCfg = Release|iPhone
		{0F796B42-4F35-44EA-B533-7395613D8BDA}.Release|iPhone.Build.0 = Release|iPhone
		{0F796B42-4F35-44EA-B533-7395613D8BDA}.Release|iPhone.Deploy.0 = Release|iPhone
		{0F796B42-4F35-44EA-B533-7395613D8BDA}.Release|iPhoneSimulator.ActiveCfg = Release|iPhoneSimulator
		{0F796B42-4F35-44EA-B533-7395613D8BDA}.Release|iPhoneSimulator.Build.0 = Release|iPhoneSimulator
		{0F796B42-4F35-44EA-B533-7395613D8BDA}.Release|iPhoneSimulator.Deploy.0 = Release|iPhoneSimulator
		{3E936841-EE3D-4268-A67F-D03E56D983D1}.Debug|Any CPU.ActiveCfg = Debug|Any CPU
		{3E936841-EE3D-4268-A67F-D03E56D983D1}.Debug|Any CPU.Build.0 = Debug|Any CPU
		{3E936841-EE3D-4268-A67F-D03E56D983D1}.Debug|Any CPU.Deploy.0 = Debug|Any CPU
		{3E936841-EE3D-4268-A67F-D03E56D983D1}.Debug|iPhone.ActiveCfg = Debug|Any CPU
		{3E936841-EE3D-4268-A67F-D03E56D983D1}.Debug|iPhone.Build.0 = Debug|Any CPU
		{3E936841-EE3D-4268-A67F-D03E56D983D1}.Debug|iPhone.Deploy.0 = Debug|Any CPU
		{3E936841-EE3D-4268-A67F-D03E56D983D1}.Debug|iPhoneSimulator.ActiveCfg = Debug|Any CPU
		{3E936841-EE3D-4268-A67F-D03E56D983D1}.Debug|iPhoneSimulator.Build.0 = Debug|Any CPU
		{3E936841-EE3D-4268-A67F-D03E56D983D1}.Debug|iPhoneSimulator.Deploy.0 = Debug|Any CPU
		{3E936841-EE3D-4268-A67F-D03E56D983D1}.Release|Any CPU.ActiveCfg = Release|Any CPU
		{3E936841-EE3D-4268-A67F-D03E56D983D1}.Release|Any CPU.Build.0 = Release|Any CPU
		{3E936841-EE3D-4268-A67F-D03E56D983D1}.Release|Any CPU.Deploy.0 = Release|Any CPU
		{3E936841-EE3D-4268-A67F-D03E56D983D1}.Release|iPhone.ActiveCfg = Release|Any CPU
		{3E936841-EE3D-4268-A67F-D03E56D983D1}.Release|iPhone.Build.0 = Release|Any CPU
		{3E936841-EE3D-4268-A67F-D03E56D983D1}.Release|iPhone.Deploy.0 = Release|Any CPU
		{3E936841-EE3D-4268-A67F-D03E56D983D1}.Release|iPhoneSimulator.ActiveCfg = Release|Any CPU
		{3E936841-EE3D-4268-A67F-D03E56D983D1}.Release|iPhoneSimulator.Build.0 = Release|Any CPU
		{3E936841-EE3D-4268-A67F-D03E56D983D1}.Release|iPhoneSimulator.Deploy.0 = Release|Any CPU
	EndGlobalSection
	GlobalSection(SolutionProperties) = preSolution
		HideSolutionNode = FALSE
	EndGlobalSection
	GlobalSection(ExtensibilityGlobals) = postSolution
		SolutionGuid = {4AB651C2-1912-4783-95B5-B5E399C37CDA}
	EndGlobalSection
EndGlobal
